
Microsoft Visual Studio Solution File, Format Version 12.00
# Visual Studio Version 16
VisualStudioVersion = 16.0.31410.357
MinimumVisualStudioVersion = 10.0.40219.1
Project("{9A19103F-16F7-4668-BE54-9A1E7A4F7556}") = "Cafe_Console", "Cafe_Console\Cafe_Console.csproj", "{6A469D3D-D919-4BF5-9326-6DAE54E70055}"
EndProject
Project("{2150E333-8FDC-42A3-9474-1A3956D46DE8}") = "Komodo_Cafe", "Komodo_Cafe", "{F328FF17-9324-4A88-ACC0-20F9420C3452}"
EndProject
Project("{2150E333-8FDC-42A3-9474-1A3956D46DE8}") = "Komodo_Claims", "Komodo_Claims", "{62BC03EC-0B2E-4642-A9AD-70AA847C064D}"
EndProject
Project("{2150E333-8FDC-42A3-9474-1A3956D46DE8}") = "Komodo_Badges", "Komodo_Badges", "{D3EBBE0A-5324-4CA6-B1E9-5F198EE08143}"
EndProject
Project("{2150E333-8FDC-42A3-9474-1A3956D46DE8}") = "KOmodo_CompanyOuting", "KOmodo_CompanyOuting", "{671E255D-5ED3-4B8E-95A5-2582ED954DEF}"
EndProject
Project("{2150E333-8FDC-42A3-9474-1A3956D46DE8}") = "Komodo_Greeting", "Komodo_Greeting", "{24BEE5CE-D7F5-4542-A070-60888755575A}"
EndProject
Project("{2150E333-8FDC-42A3-9474-1A3956D46DE8}") = "Komodo_GreenPlan", "Komodo_GreenPlan", "{D462BB3F-5383-42F4-B8B3-500E8EE649E2}"
EndProject
Project("{2150E333-8FDC-42A3-9474-1A3956D46DE8}") = "Komodo_Barbecue", "Komodo_Barbecue", "{E93EE9F9-89FF-4D68-8E8C-5D963DF28D1D}"
EndProject
Project("{2150E333-8FDC-42A3-9474-1A3956D46DE8}") = "Komodo_Smart Insurance", "Komodo_Smart Insurance", "{365B4C8F-7D1E-40E5-BB8B-3D9199F6F994}"
EndProject
Project("{FAE04EC0-301F-11D3-BF4B-00C04F79EFBC}") = "Cafe_ClassProject", "Cafe_ClassProject\Cafe_ClassProject.csproj", "{346BC0D7-7F99-4C32-867E-4EC305256B28}"
EndProject
Project("{FAE04EC0-301F-11D3-BF4B-00C04F79EFBC}") = "Cafe_UnitTest", "Cafe_UnitTest\Cafe_UnitTest.csproj", "{97C70429-8618-418E-AB3E-592952E7F85B}"
EndProject
Project("{9A19103F-16F7-4668-BE54-9A1E7A4F7556}") = "Claims", "Claims\Claims.csproj", "{245FE5E9-ADD4-41CC-B3ED-7E8FDAEF8C3E}"
EndProject
Project("{FAE04EC0-301F-11D3-BF4B-00C04F79EFBC}") = "ClaimTest", "ClaimTest\ClaimTest.csproj", "{BE158919-A092-4B0F-9A7A-9945A052E2AD}"
EndProject
Project("{FAE04EC0-301F-11D3-BF4B-00C04F79EFBC}") = "ClaimRepository", "ClaimRepository\ClaimRepository.csproj", "{C58489EF-8277-47CD-B103-EE388777D074}"
EndProject
Project("{9A19103F-16F7-4668-BE54-9A1E7A4F7556}") = "ClaimConsole", "ClaimConsole\ClaimConsole.csproj", "{99394998-05BC-4C01-9887-0C9D4B8445C1}"
EndProject
Project("{FAE04EC0-301F-11D3-BF4B-00C04F79EFBC}") = "BadgeRepositoryPattern", "BadgeRepositoryPattern\BadgeRepositoryPattern.csproj", "{4F397348-784C-49C9-AE8B-F3AF3561C6BF}"
EndProject
Project("{FAE04EC0-301F-11D3-BF4B-00C04F79EFBC}") = "BadgeConsole", "BadgeConsole\BadgeConsole.csproj", "{2A3F8D2D-F2EB-43B7-828E-40046266E2ED}"
EndProject
Project("{FAE04EC0-301F-11D3-BF4B-00C04F79EFBC}") = "OutingConsole", "OutingConsole\OutingConsole.csproj", "{475E6129-8DBB-4617-BE63-96FAF280D451}"
EndProject
Project("{FAE04EC0-301F-11D3-BF4B-00C04F79EFBC}") = "OutingTest", "OutingTest\OutingTest.csproj", "{E7F50128-AB5B-4FDA-B216-C9DBAA257440}"
EndProject
Project("{FAE04EC0-301F-11D3-BF4B-00C04F79EFBC}") = "OutingRepositoryPattern", "OutingRepositoryPattern\OutingRepositoryPattern.csproj", "{7DBF65F0-36B1-4BE2-A28C-4D824F41022C}"
EndProject
Global
	GlobalSection(SolutionConfigurationPlatforms) = preSolution
		Debug|Any CPU = Debug|Any CPU
		Release|Any CPU = Release|Any CPU
	EndGlobalSection
	GlobalSection(ProjectConfigurationPlatforms) = postSolution
		{6A469D3D-D919-4BF5-9326-6DAE54E70055}.Debug|Any CPU.ActiveCfg = Debug|Any CPU
		{6A469D3D-D919-4BF5-9326-6DAE54E70055}.Debug|Any CPU.Build.0 = Debug|Any CPU
		{6A469D3D-D919-4BF5-9326-6DAE54E70055}.Release|Any CPU.ActiveCfg = Release|Any CPU
		{6A469D3D-D919-4BF5-9326-6DAE54E70055}.Release|Any CPU.Build.0 = Release|Any CPU
		{346BC0D7-7F99-4C32-867E-4EC305256B28}.Debug|Any CPU.ActiveCfg = Debug|Any CPU
		{346BC0D7-7F99-4C32-867E-4EC305256B28}.Debug|Any CPU.Build.0 = Debug|Any CPU
		{346BC0D7-7F99-4C32-867E-4EC305256B28}.Release|Any CPU.ActiveCfg = Release|Any CPU
		{346BC0D7-7F99-4C32-867E-4EC305256B28}.Release|Any CPU.Build.0 = Release|Any CPU
		{97C70429-8618-418E-AB3E-592952E7F85B}.Debug|Any CPU.ActiveCfg = Debug|Any CPU
		{97C70429-8618-418E-AB3E-592952E7F85B}.Debug|Any CPU.Build.0 = Debug|Any CPU
		{97C70429-8618-418E-AB3E-592952E7F85B}.Release|Any CPU.ActiveCfg = Release|Any CPU
		{97C70429-8618-418E-AB3E-592952E7F85B}.Release|Any CPU.Build.0 = Release|Any CPU
		{245FE5E9-ADD4-41CC-B3ED-7E8FDAEF8C3E}.Debug|Any CPU.ActiveCfg = Debug|Any CPU
		{245FE5E9-ADD4-41CC-B3ED-7E8FDAEF8C3E}.Debug|Any CPU.Build.0 = Debug|Any CPU
		{245FE5E9-ADD4-41CC-B3ED-7E8FDAEF8C3E}.Release|Any CPU.ActiveCfg = Release|Any CPU
		{245FE5E9-ADD4-41CC-B3ED-7E8FDAEF8C3E}.Release|Any CPU.Build.0 = Release|Any CPU
		{BE158919-A092-4B0F-9A7A-9945A052E2AD}.Debug|Any CPU.ActiveCfg = Debug|Any CPU
		{BE158919-A092-4B0F-9A7A-9945A052E2AD}.Debug|Any CPU.Build.0 = Debug|Any CPU
		{BE158919-A092-4B0F-9A7A-9945A052E2AD}.Release|Any CPU.ActiveCfg = Release|Any CPU
		{BE158919-A092-4B0F-9A7A-9945A052E2AD}.Release|Any CPU.Build.0 = Release|Any CPU
		{C58489EF-8277-47CD-B103-EE388777D074}.Debug|Any CPU.ActiveCfg = Debug|Any CPU
		{C58489EF-8277-47CD-B103-EE388777D074}.Debug|Any CPU.Build.0 = Debug|Any CPU
		{C58489EF-8277-47CD-B103-EE388777D074}.Release|Any CPU.ActiveCfg = Release|Any CPU
		{C58489EF-8277-47CD-B103-EE388777D074}.Release|Any CPU.Build.0 = Release|Any CPU
		{99394998-05BC-4C01-9887-0C9D4B8445C1}.Debug|Any CPU.ActiveCfg = Debug|Any CPU
		{99394998-05BC-4C01-9887-0C9D4B8445C1}.Debug|Any CPU.Build.0 = Debug|Any CPU
		{99394998-05BC-4C01-9887-0C9D4B8445C1}.Release|Any CPU.ActiveCfg = Release|Any CPU
		{99394998-05BC-4C01-9887-0C9D4B8445C1}.Release|Any CPU.Build.0 = Release|Any CPU
		{4F397348-784C-49C9-AE8B-F3AF3561C6BF}.Debug|Any CPU.ActiveCfg = Debug|Any CPU
		{4F397348-784C-49C9-AE8B-F3AF3561C6BF}.Debug|Any CPU.Build.0 = Debug|Any CPU
		{4F397348-784C-49C9-AE8B-F3AF3561C6BF}.Release|Any CPU.ActiveCfg = Release|Any CPU
		{4F397348-784C-49C9-AE8B-F3AF3561C6BF}.Release|Any CPU.Build.0 = Release|Any CPU
		{2A3F8D2D-F2EB-43B7-828E-40046266E2ED}.Debug|Any CPU.ActiveCfg = Debug|Any CPU
		{2A3F8D2D-F2EB-43B7-828E-40046266E2ED}.Debug|Any CPU.Build.0 = Debug|Any CPU
		{2A3F8D2D-F2EB-43B7-828E-40046266E2ED}.Release|Any CPU.ActiveCfg = Release|Any CPU
		{2A3F8D2D-F2EB-43B7-828E-40046266E2ED}.Release|Any CPU.Build.0 = Release|Any CPU
		{475E6129-8DBB-4617-BE63-96FAF280D451}.Debug|Any CPU.ActiveCfg = Debug|Any CPU
		{475E6129-8DBB-4617-BE63-96FAF280D451}.Debug|Any CPU.Build.0 = Debug|Any CPU
		{475E6129-8DBB-4617-BE63-96FAF280D451}.Release|Any CPU.ActiveCfg = Release|Any CPU
		{475E6129-8DBB-4617-BE63-96FAF280D451}.Release|Any CPU.Build.0 = Release|Any CPU
		{E7F50128-AB5B-4FDA-B216-C9DBAA257440}.Debug|Any CPU.ActiveCfg = Debug|Any CPU
		{E7F50128-AB5B-4FDA-B216-C9DBAA257440}.Debug|Any CPU.Build.0 = Debug|Any CPU
		{E7F50128-AB5B-4FDA-B216-C9DBAA257440}.Release|Any CPU.ActiveCfg = Release|Any CPU
		{E7F50128-AB5B-4FDA-B216-C9DBAA257440}.Release|Any CPU.Build.0 = Release|Any CPU
		{7DBF65F0-36B1-4BE2-A28C-4D824F41022C}.Debug|Any CPU.ActiveCfg = Debug|Any CPU
		{7DBF65F0-36B1-4BE2-A28C-4D824F41022C}.Debug|Any CPU.Build.0 = Debug|Any CPU
		{7DBF65F0-36B1-4BE2-A28C-4D824F41022C}.Release|Any CPU.ActiveCfg = Release|Any CPU
		{7DBF65F0-36B1-4BE2-A28C-4D824F41022C}.Release|Any CPU.Build.0 = Release|Any CPU
	EndGlobalSection
	GlobalSection(SolutionProperties) = preSolution
		HideSolutionNode = FALSE
	EndGlobalSection
	GlobalSection(NestedProjects) = preSolution
		{6A469D3D-D919-4BF5-9326-6DAE54E70055} = {F328FF17-9324-4A88-ACC0-20F9420C3452}
		{346BC0D7-7F99-4C32-867E-4EC305256B28} = {F328FF17-9324-4A88-ACC0-20F9420C3452}
		{97C70429-8618-418E-AB3E-592952E7F85B} = {F328FF17-9324-4A88-ACC0-20F9420C3452}
		{245FE5E9-ADD4-41CC-B3ED-7E8FDAEF8C3E} = {62BC03EC-0B2E-4642-A9AD-70AA847C064D}
		{BE158919-A092-4B0F-9A7A-9945A052E2AD} = {62BC03EC-0B2E-4642-A9AD-70AA847C064D}
		{C58489EF-8277-47CD-B103-EE388777D074} = {62BC03EC-0B2E-4642-A9AD-70AA847C064D}
		{99394998-05BC-4C01-9887-0C9D4B8445C1} = {62BC03EC-0B2E-4642-A9AD-70AA847C064D}
		{4F397348-784C-49C9-AE8B-F3AF3561C6BF} = {D3EBBE0A-5324-4CA6-B1E9-5F198EE08143}
		{2A3F8D2D-F2EB-43B7-828E-40046266E2ED} = {D3EBBE0A-5324-4CA6-B1E9-5F198EE08143}
		{475E6129-8DBB-4617-BE63-96FAF280D451} = {671E255D-5ED3-4B8E-95A5-2582ED954DEF}
		{E7F50128-AB5B-4FDA-B216-C9DBAA257440} = {671E255D-5ED3-4B8E-95A5-2582ED954DEF}
		{7DBF65F0-36B1-4BE2-A28C-4D824F41022C} = {671E255D-5ED3-4B8E-95A5-2582ED954DEF}
	EndGlobalSection
	GlobalSection(ExtensibilityGlobals) = postSolution
		SolutionGuid = {F480E815-55A8-4670-A239-2DB5C4C22D26}
	EndGlobalSection
EndGlobal
